
Microsoft Visual Studio Solution File, Format Version 12.00
# Visual Studio Version 16
VisualStudioVersion = 16.0.29926.136
MinimumVisualStudioVersion = 10.0.40219.1
Project("{FAE04EC0-301F-11D3-BF4B-00C04F79EFBC}") = "SkiaSharpSamples.UWP", "src\SkiaSharpSamples\SkiaSharpSamples.UWP\SkiaSharpSamples.UWP.csproj", "{9113EDFE-FFE3-442C-B922-384660BB1392}"
EndProject
Project("{FAE04EC0-301F-11D3-BF4B-00C04F79EFBC}") = "SkiaSharpSamples.Android", "src\SkiaSharpSamples\SkiaSharpSamples.Android\SkiaSharpSamples.Android.csproj", "{A3EB8CE0-4E51-40AE-8774-098633606769}"
EndProject
Project("{FAE04EC0-301F-11D3-BF4B-00C04F79EFBC}") = "SkiaSharpSamples.iOS", "src\SkiaSharpSamples\SkiaSharpSamples.iOS\SkiaSharpSamples.iOS.csproj", "{F9832DBF-9311-46F6-8FED-35179178E571}"
EndProject
Project("{FAE04EC0-301F-11D3-BF4B-00C04F79EFBC}") = "SkiaSharpSamples", "src\SkiaSharpSamples\SkiaSharpSamples\SkiaSharpSamples.csproj", "{2F529D42-9C1C-48BB-9901-DAEE22A2CC73}"
EndProject
Global
	GlobalSection(SolutionConfigurationPlatforms) = preSolution
		Debug|Any CPU = Debug|Any CPU
		Debug|ARM = Debug|ARM
		Debug|iPhone = Debug|iPhone
		Debug|iPhoneSimulator = Debug|iPhoneSimulator
		Debug|x64 = Debug|x64
		Debug|x86 = Debug|x86
		Release|Any CPU = Release|Any CPU
		Release|ARM = Release|ARM
		Release|iPhone = Release|iPhone
		Release|iPhoneSimulator = Release|iPhoneSimulator
		Release|x64 = Release|x64
		Release|x86 = Release|x86
	EndGlobalSection
	GlobalSection(ProjectConfigurationPlatforms) = postSolution
		{9113EDFE-FFE3-442C-B922-384660BB1392}.Debug|Any CPU.ActiveCfg = Debug|x86
		{9113EDFE-FFE3-442C-B922-384660BB1392}.Debug|Any CPU.Build.0 = Debug|x86
		{9113EDFE-FFE3-442C-B922-384660BB1392}.Debug|Any CPU.Deploy.0 = Debug|x86
		{9113EDFE-FFE3-442C-B922-384660BB1392}.Debug|ARM.ActiveCfg = Debug|ARM
		{9113EDFE-FFE3-442C-B922-384660BB1392}.Debug|ARM.Build.0 = Debug|ARM
		{9113EDFE-FFE3-442C-B922-384660BB1392}.Debug|ARM.Deploy.0 = Debug|ARM
		{9113EDFE-FFE3-442C-B922-384660BB1392}.Debug|iPhone.ActiveCfg = Debug|x86
		{9113EDFE-FFE3-442C-B922-384660BB1392}.Debug|iPhone.Build.0 = Debug|x86
		{9113EDFE-FFE3-442C-B922-384660BB1392}.Debug|iPhone.Deploy.0 = Debug|x86
		{9113EDFE-FFE3-442C-B922-384660BB1392}.Debug|iPhoneSimulator.ActiveCfg = Debug|x86
		{9113EDFE-FFE3-442C-B922-384660BB1392}.Debug|iPhoneSimulator.Build.0 = Debug|x86
		{9113EDFE-FFE3-442C-B922-384660BB1392}.Debug|iPhoneSimulator.Deploy.0 = Debug|x86
		{9113EDFE-FFE3-442C-B922-384660BB1392}.Debug|x64.ActiveCfg = Debug|x64
		{9113EDFE-FFE3-442C-B922-384660BB1392}.Debug|x64.Build.0 = Debug|x64
		{9113EDFE-FFE3-442C-B922-384660BB1392}.Debug|x64.Deploy.0 = Debug|x64
		{9113EDFE-FFE3-442C-B922-384660BB1392}.Debug|x86.ActiveCfg = Debug|x86
		{9113EDFE-FFE3-442C-B922-384660BB1392}.Debug|x86.Build.0 = Debug|x86
		{9113EDFE-FFE3-442C-B922-384660BB1392}.Debug|x86.Deploy.0 = Debug|x86
		{9113EDFE-FFE3-442C-B922-384660BB1392}.Release|Any CPU.ActiveCfg = Release|x86
		{9113EDFE-FFE3-442C-B922-384660BB1392}.Release|Any CPU.Build.0 = Release|x86
		{9113EDFE-FFE3-442C-B922-384660BB1392}.Release|Any CPU.Deploy.0 = Release|x86
		{9113EDFE-FFE3-442C-B922-384660BB1392}.Release|ARM.ActiveCfg = Release|ARM
		{9113EDFE-FFE3-442C-B922-384660BB1392}.Release|ARM.Build.0 = Release|ARM
		{9113EDFE-FFE3-442C-B922-384660BB1392}.Release|ARM.Deploy.0 = Release|ARM
		{9113EDFE-FFE3-442C-B922-384660BB1392}.Release|iPhone.ActiveCfg = Release|x86
		{9113EDFE-FFE3-442C-B922-384660BB1392}.Release|iPhone.Build.0 = Release|x86
		{9113EDFE-FFE3-442C-B922-384660BB1392}.Release|iPhone.Deploy.0 = Release|x86
		{9113EDFE-FFE3-442C-B922-384660BB1392}.Release|iPhoneSimulator.ActiveCfg = Release|x86
		{9113EDFE-FFE3-442C-B922-384660BB1392}.Release|iPhoneSimulator.Build.0 = Release|x86
		{9113EDFE-FFE3-442C-B922-384660BB1392}.Release|iPhoneSimulator.Deploy.0 = Release|x86
		{9113EDFE-FFE3-442C-B922-384660BB1392}.Release|x64.ActiveCfg = Release|x64
		{9113EDFE-FFE3-442C-B922-384660BB1392}.Release|x64.Build.0 = Release|x64
		{9113EDFE-FFE3-442C-B922-384660BB1392}.Release|x64.Deploy.0 = Release|x64
		{9113EDFE-FFE3-442C-B922-384660BB1392}.Release|x86.ActiveCfg = Release|x86
		{9113EDFE-FFE3-442C-B922-384660BB1392}.Release|x86.Build.0 = Release|x86
		{9113EDFE-FFE3-442C-B922-384660BB1392}.Release|x86.Deploy.0 = Release|x86
		{A3EB8CE0-4E51-40AE-8774-098633606769}.Debug|Any CPU.ActiveCfg = Debug|Any CPU
		{A3EB8CE0-4E51-40AE-8774-098633606769}.Debug|Any CPU.Build.0 = Debug|Any CPU
		{A3EB8CE0-4E51-40AE-8774-098633606769}.Debug|Any CPU.Deploy.0 = Debug|Any CPU
		{A3EB8CE0-4E51-40AE-8774-098633606769}.Debug|ARM.ActiveCfg = Debug|Any CPU
		{A3EB8CE0-4E51-40AE-8774-098633606769}.Debug|ARM.Build.0 = Debug|Any CPU
		{A3EB8CE0-4E51-40AE-8774-098633606769}.Debug|ARM.Deploy.0 = Debug|Any CPU
		{A3EB8CE0-4E51-40AE-8774-098633606769}.Debug|iPhone.ActiveCfg = Debug|Any CPU
		{A3EB8CE0-4E51-40AE-8774-098633606769}.Debug|iPhone.Build.0 = Debug|Any CPU
		{A3EB8CE0-4E51-40AE-8774-098633606769}.Debug|iPhone.Deploy.0 = Debug|Any CPU
		{A3EB8CE0-4E51-40AE-8774-098633606769}.Debug|iPhoneSimulator.ActiveCfg = Debug|Any CPU
		{A3EB8CE0-4E51-40AE-8774-098633606769}.Debug|iPhoneSimulator.Build.0 = Debug|Any CPU
		{A3EB8CE0-4E51-40AE-8774-098633606769}.Debug|iPhoneSimulator.Deploy.0 = Debug|Any CPU
		{A3EB8CE0-4E51-40AE-8774-098633606769}.Debug|x64.ActiveCfg = Debug|Any CPU
		{A3EB8CE0-4E51-40AE-8774-098633606769}.Debug|x64.Build.0 = Debug|Any CPU
		{A3EB8CE0-4E51-40AE-8774-098633606769}.Debug|x64.Deploy.0 = Debug|Any CPU
		{A3EB8CE0-4E51-40AE-8774-098633606769}.Debug|x86.ActiveCfg = Debug|Any CPU
		{A3EB8CE0-4E51-40AE-8774-098633606769}.Debug|x86.Build.0 = Debug|Any CPU
		{A3EB8CE0-4E51-40AE-8774-098633606769}.Debug|x86.Deploy.0 = Debug|Any CPU
		{A3EB8CE0-4E51-40AE-8774-098633606769}.Release|Any CPU.ActiveCfg = Release|Any CPU
		{A3EB8CE0-4E51-40AE-8774-098633606769}.Release|Any CPU.Build.0 = Release|Any CPU
		{A3EB8CE0-4E51-40AE-8774-098633606769}.Release|Any CPU.Deploy.0 = Release|Any CPU
		{A3EB8CE0-4E51-40AE-8774-098633606769}.Release|ARM.ActiveCfg = Release|Any CPU
		{A3EB8CE0-4E51-40AE-8774-098633606769}.Release|ARM.Build.0 = Release|Any CPU
		{A3EB8CE0-4E51-40AE-8774-098633606769}.Release|ARM.Deploy.0 = Release|Any CPU
		{A3EB8CE0-4E51-40AE-8774-098633606769}.Release|iPhone.ActiveCfg = Release|Any CPU
		{A3EB8CE0-4E51-40AE-8774-098633606769}.Release|iPhone.Build.0 = Release|Any CPU
		{A3EB8CE0-4E51-40AE-8774-098633606769}.Release|iPhone.Deploy.0 = Release|Any CPU
		{A3EB8CE0-4E51-40AE-8774-098633606769}.Release|iPhoneSimulator.ActiveCfg = Release|Any CPU
		{A3EB8CE0-4E51-40AE-8774-098633606769}.Release|iPhoneSimulator.Build.0 = Release|Any CPU
		{A3EB8CE0-4E51-40AE-8774-098633606769}.Release|iPhoneSimulator.Deploy.0 = Release|Any CPU
		{A3EB8CE0-4E51-40AE-8774-098633606769}.Release|x64.ActiveCfg = Release|Any CPU
		{A3EB8CE0-4E51-40AE-8774-098633606769}.Release|x64.Build.0 = Release|Any CPU
		{A3EB8CE0-4E51-40AE-8774-098633606769}.Release|x64.Deploy.0 = Release|Any CPU
		{A3EB8CE0-4E51-40AE-8774-098633606769}.Release|x86.ActiveCfg = Release|Any CPU
		{A3EB8CE0-4E51-40AE-8774-098633606769}.Release|x86.Build.0 = Release|Any CPU
		{A3EB8CE0-4E51-40AE-8774-098633606769}.Release|x86.Deploy.0 = Release|Any CPU
		{F9832DBF-9311-46F6-8FED-35179178E571}.Debug|Any CPU.ActiveCfg = Debug|iPhone
		{F9832DBF-9311-46F6-8FED-35179178E571}.Debug|Any CPU.Build.0 = Debug|iPhone
		{F9832DBF-9311-46F6-8FED-35179178E571}.Debug|Any CPU.Deploy.0 = Debug|iPhone
		{F9832DBF-9311-46F6-8FED-35179178E571}.Debug|ARM.ActiveCfg = Debug|iPhone
		{F9832DBF-9311-46F6-8FED-35179178E571}.Debug|ARM.Build.0 = Debug|iPhone
		{F9832DBF-9311-46F6-8FED-35179178E571}.Debug|ARM.Deploy.0 = Debug|iPhone
		{F9832DBF-9311-46F6-8FED-35179178E571}.Debug|iPhone.ActiveCfg = Debug|iPhone
		{F9832DBF-9311-46F6-8FED-35179178E571}.Debug|iPhone.Build.0 = Debug|iPhone
		{F9832DBF-9311-46F6-8FED-35179178E571}.Debug|iPhone.Deploy.0 = Debug|iPhone
		{F9832DBF-9311-46F6-8FED-35179178E571}.Debug|iPhoneSimulator.ActiveCfg = Debug|iPhoneSimulator
		{F9832DBF-9311-46F6-8FED-35179178E571}.Debug|iPhoneSimulator.Build.0 = Debug|iPhoneSimulator
		{F9832DBF-9311-46F6-8FED-35179178E571}.Debug|iPhoneSimulator.Deploy.0 = Debug|iPhoneSimulator
		{F9832DBF-9311-46F6-8FED-35179178E571}.Debug|x64.ActiveCfg = Debug|iPhone
		{F9832DBF-9311-46F6-8FED-35179178E571}.Debug|x64.Build.0 = Debug|iPhone
		{F9832DBF-9311-46F6-8FED-35179178E571}.Debug|x64.Deploy.0 = Debug|iPhone
		{F9832DBF-9311-46F6-8FED-35179178E571}.Debug|x86.ActiveCfg = Debug|iPhone
		{F9832DBF-9311-46F6-8FED-35179178E571}.Debug|x86.Build.0 = Debug|iPhone
		{F9832DBF-9311-46F6-8FED-35179178E571}.Debug|x86.Deploy.0 = Debug|iPhone
		{F9832DBF-9311-46F6-8FED-35179178E571}.Release|Any CPU.ActiveCfg = Release|iPhone
		{F9832DBF-9311-46F6-8FED-35179178E571}.Release|Any CPU.Build.0 = Release|iPhone
		{F9832DBF-9311-46F6-8FED-35179178E571}.Release|Any CPU.Deploy.0 = Release|iPhone
		{F9832DBF-9311-46F6-8FED-35179178E571}.Release|ARM.ActiveCfg = Release|iPhone
		{F9832DBF-9311-46F6-8FED-35179178E571}.Release|ARM.Build.0 = Release|iPhone
		{F9832DBF-9311-46F6-8FED-35179178E571}.Release|ARM.Deploy.0 = Release|iPhone
		{F9832DBF-9311-46F6-8FED-35179178E571}.Release|iPhone.ActiveCfg = Release|iPhone
		{F9832DBF-9311-46F6-8FED-35179178E571}.Release|iPhone.Build.0 = Release|iPhone
		{F9832DBF-9311-46F6-8FED-35179178E571}.Release|iPhone.Deploy.0 = Release|iPhone
		{F9832DBF-9311-46F6-8FED-35179178E571}.Release|iPhoneSimulator.ActiveCfg = Release|iPhoneSimulator
		{F9832DBF-9311-46F6-8FED-35179178E571}.Release|iPhoneSimulator.Build.0 = Release|iPhoneSimulator
		{F9832DBF-9311-46F6-8FED-35179178E571}.Release|iPhoneSimulator.Deploy.0 = Release|iPhoneSimulator
		{F9832DBF-9311-46F6-8FED-35179178E571}.Release|x64.ActiveCfg = Release|iPhone
		{F9832DBF-9311-46F6-8FED-35179178E571}.Release|x64.Build.0 = Release|iPhone
		{F9832DBF-9311-46F6-8FED-35179178E571}.Release|x64.Deploy.0 = Release|iPhone
		{F9832DBF-9311-46F6-8FED-35179178E571}.Release|x86.ActiveCfg = Release|iPhone
		{F9832DBF-9311-46F6-8FED-35179178E571}.Release|x86.Build.0 = Release|iPhone
		{F9832DBF-9311-46F6-8FED-35179178E571}.Release|x86.Deploy.0 = Release|iPhone
		{2F529D42-9C1C-48BB-9901-DAEE22A2CC73}.Debug|Any CPU.ActiveCfg = Debug|Any CPU
		{2F529D42-9C1C-48BB-9901-DAEE22A2CC73}.Debug|Any CPU.Build.0 = Debug|Any CPU
		{2F529D42-9C1C-48BB-9901-DAEE22A2CC73}.Debug|Any CPU.Deploy.0 = Debug|Any CPU
		{2F529D42-9C1C-48BB-9901-DAEE22A2CC73}.Debug|ARM.ActiveCfg = Debug|Any CPU
		{2F529D42-9C1C-48BB-9901-DAEE22A2CC73}.Debug|ARM.Build.0 = Debug|Any CPU
		{2F529D42-9C1C-48BB-9901-DAEE22A2CC73}.Debug|ARM.Deploy.0 = Debug|Any CPU
		{2F529D42-9C1C-48BB-9901-DAEE22A2CC73}.Debug|iPhone.ActiveCfg = Debug|Any CPU
		{2F529D42-9C1C-48BB-9901-DAEE22A2CC73}.Debug|iPhone.Build.0 = Debug|Any CPU
		{2F529D42-9C1C-48BB-9901-DAEE22A2CC73}.Debug|iPhone.Deploy.0 = Debug|Any CPU
		{2F529D42-9C1C-48BB-9901-DAEE22A2CC73}.Debug|iPhoneSimulator.ActiveCfg = Debug|Any CPU
		{2F529D42-9C1C-48BB-9901-DAEE22A2CC73}.Debug|iPhoneSimulator.Build.0 = Debug|Any CPU
		{2F529D42-9C1C-48BB-9901-DAEE22A2CC73}.Debug|iPhoneSimulator.Deploy.0 = Debug|Any CPU
		{2F529D42-9C1C-48BB-9901-DAEE22A2CC73}.Debug|x64.ActiveCfg = Debug|Any CPU
		{2F529D42-9C1C-48BB-9901-DAEE22A2CC73}.Debug|x64.Build.0 = Debug|Any CPU
		{2F529D42-9C1C-48BB-9901-DAEE22A2CC73}.Debug|x64.Deploy.0 = Debug|Any CPU
		{2F529D42-9C1C-48BB-9901-DAEE22A2CC73}.Debug|x86.ActiveCfg = Debug|Any CPU
		{2F529D42-9C1C-48BB-9901-DAEE22A2CC73}.Debug|x86.Build.0 = Debug|Any CPU
		{2F529D42-9C1C-48BB-9901-DAEE22A2CC73}.Debug|x86.Deploy.0 = Debug|Any CPU
		{2F529D42-9C1C-48BB-9901-DAEE22A2CC73}.Release|Any CPU.ActiveCfg = Release|Any CPU
		{2F529D42-9C1C-48BB-9901-DAEE22A2CC73}.Release|Any CPU.Build.0 = Release|Any CPU
		{2F529D42-9C1C-48BB-9901-DAEE22A2CC73}.Release|Any CPU.Deploy.0 = Release|Any CPU
		{2F529D42-9C1C-48BB-9901-DAEE22A2CC73}.Release|ARM.ActiveCfg = Release|Any CPU
		{2F529D42-9C1C-48BB-9901-DAEE22A2CC73}.Release|ARM.Build.0 = Release|Any CPU
		{2F529D42-9C1C-48BB-9901-DAEE22A2CC73}.Release|ARM.Deploy.0 = Release|Any CPU
		{2F529D42-9C1C-48BB-9901-DAEE22A2CC73}.Release|iPhone.ActiveCfg = Release|Any CPU
		{2F529D42-9C1C-48BB-9901-DAEE22A2CC73}.Release|iPhone.Build.0 = Release|Any CPU
		{2F529D42-9C1C-48BB-9901-DAEE22A2CC73}.Release|iPhone.Deploy.0 = Release|Any CPU
		{2F529D42-9C1C-48BB-9901-DAEE22A2CC73}.Release|iPhoneSimulator.ActiveCfg = Release|Any CPU
		{2F529D42-9C1C-48BB-9901-DAEE22A2CC73}.Release|iPhoneSimulator.Build.0 = Release|Any CPU
		{2F529D42-9C1C-48BB-9901-DAEE22A2CC73}.Release|iPhoneSimulator.Deploy.0 = Release|Any CPU
		{2F529D42-9C1C-48BB-9901-DAEE22A2CC73}.Release|x64.ActiveCfg = Release|Any CPU
		{2F529D42-9C1C-48BB-9901-DAEE22A2CC73}.Release|x64.Build.0 = Release|Any CPU
		{2F529D42-9C1C-48BB-9901-DAEE22A2CC73}.Release|x64.Deploy.0 = Release|Any CPU
		{2F529D42-9C1C-48BB-9901-DAEE22A2CC73}.Release|x86.ActiveCfg = Release|Any CPU
		{2F529D42-9C1C-48BB-9901-DAEE22A2CC73}.Release|x86.Build.0 = Release|Any CPU
		{2F529D42-9C1C-48BB-9901-DAEE22A2CC73}.Release|x86.Deploy.0 = Release|Any CPU
	EndGlobalSection
	GlobalSection(SolutionProperties) = preSolution
		HideSolutionNode = FALSE
	EndGlobalSection
	GlobalSection(ExtensibilityGlobals) = postSolution
		SolutionGuid = {F0C8B22C-2A57-4536-BF78-7825EB992DE3}
	EndGlobalSection
EndGlobal
